PODS:
  - Acheron (0.1.0):
    - Acheron/Assert
    - Acheron/Common
    - Acheron/Log
    - Acheron/Network
  - Acheron/Assert (0.1.0):
    - Acheron/Log
  - Acheron/Common (0.1.0):
    - Acheron/Assert
    - Acheron/Log
  - Acheron/Log (0.1.0)
  - Acheron/Network (0.1.0):
    - Acheron/Common
    - Reachability (~> 3.1.0)
  - Reachability (3.1.1)

DEPENDENCIES:
  - Acheron (from `../`)

EXTERNAL SOURCES:
  Acheron:
    :path: ../

SPEC CHECKSUMS:
  Acheron: de2e29f9cf99c929eaba891c141237ed0107e013
  Reachability: be4883bb93f31e38266ae3365e5600a317aae735

COCOAPODS: 0.32.1
