// !$*UTF8*$!
{
	archiveVersion = 1;
	classes = {
	};
	objectVersion = 46;
	objects = {

/* Begin PBXBuildFile section */
		6098A8C691CD4F0EB7AA362B /* libPods.a in Frameworks */ = {isa = PBXBuildFile; fileRef = C09E5CD56C0848CEAD8B62A7 /* libPods.a */; };
		692AB8601916A6F000536D1A /* TestModel.m in Sources */ = {isa = PBXBuildFile; fileRef = 692AB85F1916A6F000536D1A /* TestModel.m */; };
		6969208C19168A6B00CA2AB2 /* Foundation.framework in Frameworks */ = {isa = PBXBuildFile; fileRef = 6969208B19168A6B00CA2AB2 /* Foundation.framework */; };
		6969208E19168A6B00CA2AB2 /* CoreGraphics.framework in Frameworks */ = {isa = PBXBuildFile; fileRef = 6969208D19168A6B00CA2AB2 /* CoreGraphics.framework */; };
		6969209019168A6B00CA2AB2 /* UIKit.framework in Frameworks */ = {isa = PBXBuildFile; fileRef = 6969208F19168A6B00CA2AB2 /* UIKit.framework */; };
		6969209619168A6B00CA2AB2 /* InfoPlist.strings in Resources */ = {isa = PBXBuildFile; fileRef = 6969209419168A6B00CA2AB2 /* InfoPlist.strings */; };
		6969209819168A6B00CA2AB2 /* main.m in Sources */ = {isa = PBXBuildFile; fileRef = 6969209719168A6B00CA2AB2 /* main.m */; };
		6969209C19168A6B00CA2AB2 /* AppDelegate.m in Sources */ = {isa = PBXBuildFile; fileRef = 6969209B19168A6B00CA2AB2 /* AppDelegate.m */; };
		6969209F19168A6B00CA2AB2 /* Main.storyboard in Resources */ = {isa = PBXBuildFile; fileRef = 6969209D19168A6B00CA2AB2 /* Main.storyboard */; };
		696920A219168A6B00CA2AB2 /* FirstViewController.m in Sources */ = {isa = PBXBuildFile; fileRef = 696920A119168A6B00CA2AB2 /* FirstViewController.m */; };
		696920A519168A6B00CA2AB2 /* SecondViewController.m in Sources */ = {isa = PBXBuildFile; fileRef = 696920A419168A6B00CA2AB2 /* SecondViewController.m */; };
		696920A719168A6B00CA2AB2 /* Images.xcassets in Resources */ = {isa = PBXBuildFile; fileRef = 696920A619168A6B00CA2AB2 /* Images.xcassets */; };
		69CAF65E1920183300C78C35 /* NIBBindingScrollView.m in Sources */ = {isa = PBXBuildFile; fileRef = 69CAF65D1920183300C78C35 /* NIBBindingScrollView.m */; };
		69CAF6601920184400C78C35 /* NIBBindingScrollView~iphone.xib in Resources */ = {isa = PBXBuildFile; fileRef = 69CAF65F1920184400C78C35 /* NIBBindingScrollView~iphone.xib */; };
		69EB305D1921DD8D001FBF1B /* TestViewController.m in Sources */ = {isa = PBXBuildFile; fileRef = 69EB305B1921DD8D001FBF1B /* TestViewController.m */; };
		69EB305E1921DD8D001FBF1B /* TestViewController.xib in Resources */ = {isa = PBXBuildFile; fileRef = 69EB305C1921DD8D001FBF1B /* TestViewController.xib */; };
/* End PBXBuildFile section */

/* Begin PBXFileReference section */
		4D1B80B09B084D94A43777E6 /* Pods.xcconfig */ = {isa = PBXFileReference; includeInIndex = 1; lastKnownFileType = text.xcconfig; name = Pods.xcconfig; path = Pods/Pods.xcconfig; sourceTree = "<group>"; };
		692AB85E1916A6F000536D1A /* TestModel.h */ = {isa = PBXFileReference; fileEncoding = 4; lastKnownFileType = sourcecode.c.h; path = TestModel.h; sourceTree = "<group>"; };
		692AB85F1916A6F000536D1A /* TestModel.m */ = {isa = PBXFileReference; fileEncoding = 4; lastKnownFileType = sourcecode.c.objc; path = TestModel.m; sourceTree = "<group>"; };
		6969208819168A6B00CA2AB2 /* Acheron-Example.app */ = {isa = PBXFileReference; explicitFileType = wrapper.application; includeInIndex = 0; path = "Acheron-Example.app"; sourceTree = BUILT_PRODUCTS_DIR; };
		6969208B19168A6B00CA2AB2 /* Foundation.framework */ = {isa = PBXFileReference; lastKnownFileType = wrapper.framework; name = Foundation.framework; path = System/Library/Frameworks/Foundation.framework; sourceTree = SDKROOT; };
		6969208D19168A6B00CA2AB2 /* CoreGraphics.framework */ = {isa = PBXFileReference; lastKnownFileType = wrapper.framework; name = CoreGraphics.framework; path = System/Library/Frameworks/CoreGraphics.framework; sourceTree = SDKROOT; };
		6969208F19168A6B00CA2AB2 /* UIKit.framework */ = {isa = PBXFileReference; lastKnownFileType = wrapper.framework; name = UIKit.framework; path = System/Library/Frameworks/UIKit.framework; sourceTree = SDKROOT; };
		6969209319168A6B00CA2AB2 /* Acheron-Example-Info.plist */ = {isa = PBXFileReference; lastKnownFileType = text.plist.xml; path = "Acheron-Example-Info.plist"; sourceTree = "<group>"; };
		6969209519168A6B00CA2AB2 /* en */ = {isa = PBXFileReference; lastKnownFileType = text.plist.strings; name = en; path = en.lproj/InfoPlist.strings; sourceTree = "<group>"; };
		6969209719168A6B00CA2AB2 /* main.m */ = {isa = PBXFileReference; lastKnownFileType = sourcecode.c.objc; path = main.m; sourceTree = "<group>"; };
		6969209919168A6B00CA2AB2 /* Acheron-Example-Prefix.pch */ = {isa = PBXFileReference; lastKnownFileType = sourcecode.c.h; path = "Acheron-Example-Prefix.pch"; sourceTree = "<group>"; };
		6969209A19168A6B00CA2AB2 /* AppDelegate.h */ = {isa = PBXFileReference; lastKnownFileType = sourcecode.c.h; path = AppDelegate.h; sourceTree = "<group>"; };
		6969209B19168A6B00CA2AB2 /* AppDelegate.m */ = {isa = PBXFileReference; lastKnownFileType = sourcecode.c.objc; path = AppDelegate.m; sourceTree = "<group>"; };
		6969209E19168A6B00CA2AB2 /* Base */ = {isa = PBXFileReference; lastKnownFileType = file.storyboard; name = Base; path = Base.lproj/Main.storyboard; sourceTree = "<group>"; };
		696920A019168A6B00CA2AB2 /* FirstViewController.h */ = {isa = PBXFileReference; lastKnownFileType = sourcecode.c.h; path = FirstViewController.h; sourceTree = "<group>"; };
		696920A119168A6B00CA2AB2 /* FirstViewController.m */ = {isa = PBXFileReference; lastKnownFileType = sourcecode.c.objc; path = FirstViewController.m; sourceTree = "<group>"; };
		696920A319168A6B00CA2AB2 /* SecondViewController.h */ = {isa = PBXFileReference; lastKnownFileType = sourcecode.c.h; path = SecondViewController.h; sourceTree = "<group>"; };
		696920A419168A6B00CA2AB2 /* SecondViewController.m */ = {isa = PBXFileReference; lastKnownFileType = sourcecode.c.objc; path = SecondViewController.m; sourceTree = "<group>"; };
		696920A619168A6B00CA2AB2 /* Images.xcassets */ = {isa = PBXFileReference; lastKnownFileType = folder.assetcatalog; path = Images.xcassets; sourceTree = "<group>"; };
		696920AD19168A6B00CA2AB2 /* XCTest.framework */ = {isa = PBXFileReference; lastKnownFileType = wrapper.framework; name = XCTest.framework; path = Library/Frameworks/XCTest.framework; sourceTree = DEVELOPER_DIR; };
		69CAF65C1920183300C78C35 /* NIBBindingScrollView.h */ = {isa = PBXFileReference; fileEncoding = 4; lastKnownFileType = sourcecode.c.h; path = NIBBindingScrollView.h; sourceTree = "<group>"; };
		69CAF65D1920183300C78C35 /* NIBBindingScrollView.m */ = {isa = PBXFileReference; fileEncoding = 4; lastKnownFileType = sourcecode.c.objc; path = NIBBindingScrollView.m; sourceTree = "<group>"; };
		69CAF65F1920184400C78C35 /* NIBBindingScrollView~iphone.xib */ = {isa = PBXFileReference; fileEncoding = 4; lastKnownFileType = file.xib; path = "NIBBindingScrollView~iphone.xib"; sourceTree = "<group>"; };
		69EB305A1921DD8D001FBF1B /* TestViewController.h */ = {isa = PBXFileReference; fileEncoding = 4; lastKnownFileType = sourcecode.c.h; path = TestViewController.h; sourceTree = "<group>"; };
		69EB305B1921DD8D001FBF1B /* TestViewController.m */ = {isa = PBXFileReference; fileEncoding = 4; lastKnownFileType = sourcecode.c.objc; path = TestViewController.m; sourceTree = "<group>"; };
		69EB305C1921DD8D001FBF1B /* TestViewController.xib */ = {isa = PBXFileReference; fileEncoding = 4; lastKnownFileType = file.xib; path = TestViewController.xib; sourceTree = "<group>"; };
		C09E5CD56C0848CEAD8B62A7 /* libPods.a */ = {isa = PBXFileReference; explicitFileType = archive.ar; includeInIndex = 0; path = libPods.a; sourceTree = BUILT_PRODUCTS_DIR; };
/* End PBXFileReference section */

/* Begin PBXFrameworksBuildPhase section */
		6969208519168A6B00CA2AB2 /* Frameworks */ = {
			isa = PBXFrameworksBuildPhase;
			buildActionMask = 2147483647;
			files = (
				6969208E19168A6B00CA2AB2 /* CoreGraphics.framework in Frameworks */,
				6969209019168A6B00CA2AB2 /* UIKit.framework in Frameworks */,
				6969208C19168A6B00CA2AB2 /* Foundation.framework in Frameworks */,
				6098A8C691CD4F0EB7AA362B /* libPods.a in Frameworks */,
			);
			runOnlyForDeploymentPostprocessing = 0;
		};
/* End PBXFrameworksBuildPhase section */

/* Begin PBXGroup section */
		692AB85D1916A6D700536D1A /* Model */ = {
			isa = PBXGroup;
			children = (
				692AB85E1916A6F000536D1A /* TestModel.h */,
				692AB85F1916A6F000536D1A /* TestModel.m */,
			);
			name = Model;
			sourceTree = "<group>";
		};
		6969207F19168A6B00CA2AB2 = {
			isa = PBXGroup;
			children = (
				6969209119168A6B00CA2AB2 /* Acheron-Example */,
				6969208A19168A6B00CA2AB2 /* Frameworks */,
				6969208919168A6B00CA2AB2 /* Products */,
				4D1B80B09B084D94A43777E6 /* Pods.xcconfig */,
			);
			sourceTree = "<group>";
		};
		6969208919168A6B00CA2AB2 /* Products */ = {
			isa = PBXGroup;
			children = (
				6969208819168A6B00CA2AB2 /* Acheron-Example.app */,
			);
			name = Products;
			sourceTree = "<group>";
		};
		6969208A19168A6B00CA2AB2 /* Frameworks */ = {
			isa = PBXGroup;
			children = (
				6969208B19168A6B00CA2AB2 /* Foundation.framework */,
				6969208D19168A6B00CA2AB2 /* CoreGraphics.framework */,
				6969208F19168A6B00CA2AB2 /* UIKit.framework */,
				696920AD19168A6B00CA2AB2 /* XCTest.framework */,
				C09E5CD56C0848CEAD8B62A7 /* libPods.a */,
			);
			name = Frameworks;
			sourceTree = "<group>";
		};
		6969209119168A6B00CA2AB2 /* Acheron-Example */ = {
			isa = PBXGroup;
			children = (
				69CAF65B192017F200C78C35 /* UI */,
				692AB85D1916A6D700536D1A /* Model */,
				6969209A19168A6B00CA2AB2 /* AppDelegate.h */,
				6969209B19168A6B00CA2AB2 /* AppDelegate.m */,
				6969209D19168A6B00CA2AB2 /* Main.storyboard */,
				696920A019168A6B00CA2AB2 /* FirstViewController.h */,
				696920A119168A6B00CA2AB2 /* FirstViewController.m */,
				696920A319168A6B00CA2AB2 /* SecondViewController.h */,
				696920A419168A6B00CA2AB2 /* SecondViewController.m */,
				696920A619168A6B00CA2AB2 /* Images.xcassets */,
				6969209219168A6B00CA2AB2 /* Supporting Files */,
			);
			path = "Acheron-Example";
			sourceTree = "<group>";
		};
		6969209219168A6B00CA2AB2 /* Supporting Files */ = {
			isa = PBXGroup;
			children = (
				6969209319168A6B00CA2AB2 /* Acheron-Example-Info.plist */,
				6969209419168A6B00CA2AB2 /* InfoPlist.strings */,
				6969209719168A6B00CA2AB2 /* main.m */,
				6969209919168A6B00CA2AB2 /* Acheron-Example-Prefix.pch */,
			);
			name = "Supporting Files";
			sourceTree = "<group>";
		};
		69CAF65B192017F200C78C35 /* UI */ = {
			isa = PBXGroup;
			children = (
				69CAF65C1920183300C78C35 /* NIBBindingScrollView.h */,
				69CAF65D1920183300C78C35 /* NIBBindingScrollView.m */,
				69CAF65F1920184400C78C35 /* NIBBindingScrollView~iphone.xib */,
				69EB305A1921DD8D001FBF1B /* TestViewController.h */,
				69EB305B1921DD8D001FBF1B /* TestViewController.m */,
				69EB305C1921DD8D001FBF1B /* TestViewController.xib */,
			);
			name = UI;
			sourceTree = "<group>";
		};
/* End PBXGroup section */

/* Begin PBXNativeTarget section */
		6969208719168A6B00CA2AB2 /* Acheron-Example */ = {
			isa = PBXNativeTarget;
			buildConfigurationList = 696920BD19168A6B00CA2AB2 /* Build configuration list for PBXNativeTarget "Acheron-Example" */;
			buildPhases = (
				4A723865876E486EA09055BF /* Check Pods Manifest.lock */,
				6969208419168A6B00CA2AB2 /* Sources */,
				6969208519168A6B00CA2AB2 /* Frameworks */,
				6969208619168A6B00CA2AB2 /* Resources */,
				7650BDAF3AB74E7486CCE93D /* Copy Pods Resources */,
			);
			buildRules = (
			);
			dependencies = (
			);
			name = "Acheron-Example";
			productName = "Acheron-Example";
			productReference = 6969208819168A6B00CA2AB2 /* Acheron-Example.app */;
			productType = "com.apple.product-type.application";
		};
/* End PBXNativeTarget section */

/* Begin PBXProject section */
		6969208019168A6B00CA2AB2 /* Project object */ = {
			isa = PBXProject;
			attributes = {
				LastUpgradeCheck = 0510;
				ORGANIZATIONNAME = "YANKE Guo";
			};
			buildConfigurationList = 6969208319168A6B00CA2AB2 /* Build configuration list for PBXProject "Acheron-Example" */;
			compatibilityVersion = "Xcode 3.2";
			developmentRegion = English;
			hasScannedForEncodings = 0;
			knownRegions = (
				en,
				Base,
			);
			mainGroup = 6969207F19168A6B00CA2AB2;
			productRefGroup = 6969208919168A6B00CA2AB2 /* Products */;
			projectDirPath = "";
			projectRoot = "";
			targets = (
				6969208719168A6B00CA2AB2 /* Acheron-Example */,
			);
		};
/* End PBXProject section */

/* Begin PBXResourcesBuildPhase section */
		6969208619168A6B00CA2AB2 /* Resources */ = {
			isa = PBXResourcesBuildPhase;
			buildActionMask = 2147483647;
			files = (
				696920A719168A6B00CA2AB2 /* Images.xcassets in Resources */,
				69EB305E1921DD8D001FBF1B /* TestViewController.xib in Resources */,
				6969209619168A6B00CA2AB2 /* InfoPlist.strings in Resources */,
				6969209F19168A6B00CA2AB2 /* Main.storyboard in Resources */,
				69CAF6601920184400C78C35 /* NIBBindingScrollView~iphone.xib in Resources */,
			);
			runOnlyForDeploymentPostprocessing = 0;
		};
/* End PBXResourcesBuildPhase section */

/* Begin PBXShellScriptBuildPhase section */
		4A723865876E486EA09055BF /* Check Pods Manifest.lock */ = {
			isa = PBXShellScriptBuildPhase;
			buildActionMask = 2147483647;
			files = (
			);
			inputPaths = (
			);
			name = "Check Pods Manifest.lock";
			outputPaths = (
			);
			runOnlyForDeploymentPostprocessing = 0;
			shellPath = /bin/sh;
			shellScript = "diff \"${PODS_ROOT}/../Podfile.lock\" \"${PODS_ROOT}/Manifest.lock\" > /dev/null\nif [[ $? != 0 ]] ; then\n    cat << EOM\nerror: The sandbox is not in sync with the Podfile.lock. Run 'pod install' or update your CocoaPods installation.\nEOM\n    exit 1\nfi\n";
			showEnvVarsInLog = 0;
		};
		7650BDAF3AB74E7486CCE93D /* Copy Pods Resources */ = {
			isa = PBXShellScriptBuildPhase;
			buildActionMask = 2147483647;
			files = (
			);
			inputPaths = (
			);
			name = "Copy Pods Resources";
			outputPaths = (
			);
			runOnlyForDeploymentPostprocessing = 0;
			shellPath = /bin/sh;
			shellScript = "\"${SRCROOT}/Pods/Pods-resources.sh\"\n";
			showEnvVarsInLog = 0;
		};
/* End PBXShellScriptBuildPhase section */

/* Begin PBXSourcesBuildPhase section */
		6969208419168A6B00CA2AB2 /* Sources */ = {
			isa = PBXSourcesBuildPhase;
			buildActionMask = 2147483647;
			files = (
				696920A519168A6B00CA2AB2 /* SecondViewController.m in Sources */,
				692AB8601916A6F000536D1A /* TestModel.m in Sources */,
				69EB305D1921DD8D001FBF1B /* TestViewController.m in Sources */,
				6969209C19168A6B00CA2AB2 /* AppDelegate.m in Sources */,
				696920A219168A6B00CA2AB2 /* FirstViewController.m in Sources */,
				6969209819168A6B00CA2AB2 /* main.m in Sources */,
				69CAF65E1920183300C78C35 /* NIBBindingScrollView.m in Sources */,
			);
			runOnlyForDeploymentPostprocessing = 0;
		};
/* End PBXSourcesBuildPhase section */

/* Begin PBXVariantGroup section */
		6969209419168A6B00CA2AB2 /* InfoPlist.strings */ = {
			isa = PBXVariantGroup;
			children = (
				6969209519168A6B00CA2AB2 /* en */,
			);
			name = InfoPlist.strings;
			sourceTree = "<group>";
		};
		6969209D19168A6B00CA2AB2 /* Main.storyboard */ = {
			isa = PBXVariantGroup;
			children = (
				6969209E19168A6B00CA2AB2 /* Base */,
			);
			name = Main.storyboard;
			sourceTree = "<group>";
		};
/* End PBXVariantGroup section */

/* Begin XCBuildConfiguration section */
		696920BB19168A6B00CA2AB2 /* Debug */ = {
			isa = XCBuildConfiguration;
			buildSettings = {
				ALWAYS_SEARCH_USER_PATHS = NO;
				CLANG_CXX_LANGUAGE_STANDARD = "gnu++0x";
				CLANG_CXX_LIBRARY = "libc++";
				CLANG_ENABLE_MODULES = YES;
				CLANG_ENABLE_OBJC_ARC = YES;
				CLANG_WARN_BOOL_CONVERSION = YES;
				CLANG_WARN_CONSTANT_CONVERSION = YES;
				CLANG_WARN_DIRECT_OBJC_ISA_USAGE = YES_ERROR;
				CLANG_WARN_EMPTY_BODY = YES;
				CLANG_WARN_ENUM_CONVERSION = YES;
				CLANG_WARN_INT_CONVERSION = YES;
				CLANG_WARN_OBJC_ROOT_CLASS = YES_ERROR;
				CLANG_WARN__DUPLICATE_METHOD_MATCH = YES;
				"CODE_SIGN_IDENTITY[sdk=iphoneos*]" = "iPhone Developer";
				COPY_PHASE_STRIP = NO;
				GCC_C_LANGUAGE_STANDARD = gnu99;
				GCC_DYNAMIC_NO_PIC = NO;
				GCC_OPTIMIZATION_LEVEL = 0;
				GCC_PREPROCESSOR_DEFINITIONS = (
					"DEBUG=1",
					"$(inherited)",
				);
				GCC_SYMBOLS_PRIVATE_EXTERN = NO;
				GCC_WARN_64_TO_32_BIT_CONVERSION = YES;
				GCC_WARN_ABOUT_RETURN_TYPE = YES_ERROR;
				GCC_WARN_UNDECLARED_SELECTOR = YES;
				GCC_WARN_UNINITIALIZED_AUTOS = YES_AGGRESSIVE;
				GCC_WARN_UNUSED_FUNCTION = YES;
				GCC_WARN_UNUSED_VARIABLE = YES;
				IPHONEOS_DEPLOYMENT_TARGET = 7.1;
				ONLY_ACTIVE_ARCH = YES;
				SDKROOT = iphoneos;
			};
			name = Debug;
		};
		696920BC19168A6B00CA2AB2 /* Release */ = {
			isa = XCBuildConfiguration;
			buildSettings = {
				ALWAYS_SEARCH_USER_PATHS = NO;
				CLANG_CXX_LANGUAGE_STANDARD = "gnu++0x";
				CLANG_CXX_LIBRARY = "libc++";
				CLANG_ENABLE_MODULES = YES;
				CLANG_ENABLE_OBJC_ARC = YES;
				CLANG_WARN_BOOL_CONVERSION = YES;
				CLANG_WARN_CONSTANT_CONVERSION = YES;
				CLANG_WARN_DIRECT_OBJC_ISA_USAGE = YES_ERROR;
				CLANG_WARN_EMPTY_BODY = YES;
				CLANG_WARN_ENUM_CONVERSION = YES;
				CLANG_WARN_INT_CONVERSION = YES;
				CLANG_WARN_OBJC_ROOT_CLASS = YES_ERROR;
				CLANG_WARN__DUPLICATE_METHOD_MATCH = YES;
				"CODE_SIGN_IDENTITY[sdk=iphoneos*]" = "iPhone Developer";
				COPY_PHASE_STRIP = YES;
				ENABLE_NS_ASSERTIONS = NO;
				GCC_C_LANGUAGE_STANDARD = gnu99;
				GCC_WARN_64_TO_32_BIT_CONVERSION = YES;
				GCC_WARN_ABOUT_RETURN_TYPE = YES_ERROR;
				GCC_WARN_UNDECLARED_SELECTOR = YES;
				GCC_WARN_UNINITIALIZED_AUTOS = YES_AGGRESSIVE;
				GCC_WARN_UNUSED_FUNCTION = YES;
				GCC_WARN_UNUSED_VARIABLE = YES;
				IPHONEOS_DEPLOYMENT_TARGET = 7.1;
				SDKROOT = iphoneos;
				VALIDATE_PRODUCT = YES;
			};
			name = Release;
		};
		696920BE19168A6B00CA2AB2 /* Debug */ = {
			isa = XCBuildConfiguration;
			baseConfigurationReference = 4D1B80B09B084D94A43777E6 /* Pods.xcconfig */;
			buildSettings = {
				ASSETCATALOG_COMPILER_APPICON_NAME = AppIcon;
				ASSETCATALOG_COMPILER_LAUNCHIMAGE_NAME = LaunchImage;
				GCC_PRECOMPILE_PREFIX_HEADER = YES;
				GCC_PREFIX_HEADER = "Acheron-Example/Acheron-Example-Prefix.pch";
				INFOPLIST_FILE = "Acheron-Example/Acheron-Example-Info.plist";
				PRODUCT_NAME = "$(TARGET_NAME)";
				WRAPPER_EXTENSION = app;
			};
			name = Debug;
		};
		696920BF19168A6B00CA2AB2 /* Release */ = {
			isa = XCBuildConfiguration;
			baseConfigurationReference = 4D1B80B09B084D94A43777E6 /* Pods.xcconfig */;
			buildSettings = {
				ASSETCATALOG_COMPILER_APPICON_NAME = AppIcon;
				ASSETCATALOG_COMPILER_LAUNCHIMAGE_NAME = LaunchImage;
				GCC_PRECOMPILE_PREFIX_HEADER = YES;
				GCC_PREFIX_HEADER = "Acheron-Example/Acheron-Example-Prefix.pch";
				INFOPLIST_FILE = "Acheron-Example/Acheron-Example-Info.plist";
				PRODUCT_NAME = "$(TARGET_NAME)";
				WRAPPER_EXTENSION = app;
			};
			name = Release;
		};
/* End XCBuildConfiguration section */

/* Begin XCConfigurationList section */
		6969208319168A6B00CA2AB2 /* Build configuration list for PBXProject "Acheron-Example" */ = {
			isa = XCConfigurationList;
			buildConfigurations = (
				696920BB19168A6B00CA2AB2 /* Debug */,
				696920BC19168A6B00CA2AB2 /* Release */,
			);
			defaultConfigurationIsVisible = 0;
			defaultConfigurationName = Release;
		};
		696920BD19168A6B00CA2AB2 /* Build configuration list for PBXNativeTarget "Acheron-Example" */ = {
			isa = XCConfigurationList;
			buildConfigurations = (
				696920BE19168A6B00CA2AB2 /* Debug */,
				696920BF19168A6B00CA2AB2 /* Release */,
			);
			defaultConfigurationIsVisible = 0;
			defaultConfigurationName = Release;
		};
/* End XCConfigurationList section */
	};
	rootObject = 6969208019168A6B00CA2AB2 /* Project object */;
}
